
Microsoft Visual Studio Solution File, Format Version 12.00
# Visual Studio 15
VisualStudioVersion = 15.0.26403.7
MinimumVisualStudioVersion = 10.0.40219.1
Project("{D954291E-2A0B-460D-934E-DC6B0785DB48}") = "XamarinApp", "XamarinApp\XamarinApp\XamarinApp.shproj", "{752D74DF-D9CD-48CD-B36B-7642DBAE7EB7}"
EndProject
Project("{FAE04EC0-301F-11D3-BF4B-00C04F79EFBC}") = "XamarinApp.Android", "XamarinApp\XamarinApp.Android\XamarinApp.Android.csproj", "{8D6E6A96-8740-43E8-9212-090F030D55D6}"
EndProject
Project("{FAE04EC0-301F-11D3-BF4B-00C04F79EFBC}") = "XamarinApp.iOS", "XamarinApp\XamarinApp.iOS\XamarinApp.iOS.csproj", "{D0298CCC-F53C-47B7-BA5A-AA4F6D0C83CA}"
EndProject
Project("{FAE04EC0-301F-11D3-BF4B-00C04F79EFBC}") = "XamarinApp.UWP", "XamarinApp\XamarinApp.UWP\XamarinApp.UWP.csproj", "{8CD31CC5-312A-44A4-BDB4-AFA4E782F91D}"
EndProject
Global
	GlobalSection(SharedMSBuildProjectFiles) = preSolution
		XamarinApp\XamarinApp\XamarinApp.projitems*{752d74df-d9cd-48cd-b36b-7642dbae7eb7}*SharedItemsImports = 13
		XamarinApp\XamarinApp\XamarinApp.projitems*{8cd31cc5-312a-44a4-bdb4-afa4e782f91d}*SharedItemsImports = 4
		XamarinApp\XamarinApp\XamarinApp.projitems*{8d6e6a96-8740-43e8-9212-090f030d55d6}*SharedItemsImports = 4
		XamarinApp\XamarinApp\XamarinApp.projitems*{d0298ccc-f53c-47b7-ba5a-aa4f6d0c83ca}*SharedItemsImports = 4
	EndGlobalSection
	GlobalSection(SolutionConfigurationPlatforms) = preSolution
		Ad-Hoc|Any CPU = Ad-Hoc|Any CPU
		Ad-Hoc|ARM = Ad-Hoc|ARM
		Ad-Hoc|iPhone = Ad-Hoc|iPhone
		Ad-Hoc|iPhoneSimulator = Ad-Hoc|iPhoneSimulator
		Ad-Hoc|x64 = Ad-Hoc|x64
		Ad-Hoc|x86 = Ad-Hoc|x86
		AppStore|Any CPU = AppStore|Any CPU
		AppStore|ARM = AppStore|ARM
		AppStore|iPhone = AppStore|iPhone
		AppStore|iPhoneSimulator = AppStore|iPhoneSimulator
		AppStore|x64 = AppStore|x64
		AppStore|x86 = AppStore|x86
		Debug|Any CPU = Debug|Any CPU
		Debug|ARM = Debug|ARM
		Debug|iPhone = Debug|iPhone
		Debug|iPhoneSimulator = Debug|iPhoneSimulator
		Debug|x64 = Debug|x64
		Debug|x86 = Debug|x86
		Release|Any CPU = Release|Any CPU
		Release|ARM = Release|ARM
		Release|iPhone = Release|iPhone
		Release|iPhoneSimulator = Release|iPhoneSimulator
		Release|x64 = Release|x64
		Release|x86 = Release|x86
	EndGlobalSection
	GlobalSection(ProjectConfigurationPlatforms) = postSolution
		{8D6E6A96-8740-43E8-9212-090F030D55D6}.Ad-Hoc|Any CPU.ActiveCfg = Release|Any CPU
		{8D6E6A96-8740-43E8-9212-090F030D55D6}.Ad-Hoc|Any CPU.Build.0 = Release|Any CPU
		{8D6E6A96-8740-43E8-9212-090F030D55D6}.Ad-Hoc|Any CPU.Deploy.0 = Release|Any CPU
		{8D6E6A96-8740-43E8-9212-090F030D55D6}.Ad-Hoc|ARM.ActiveCfg = Release|Any CPU
		{8D6E6A96-8740-43E8-9212-090F030D55D6}.Ad-Hoc|ARM.Build.0 = Release|Any CPU
		{8D6E6A96-8740-43E8-9212-090F030D55D6}.Ad-Hoc|ARM.Deploy.0 = Release|Any CPU
		{8D6E6A96-8740-43E8-9212-090F030D55D6}.Ad-Hoc|iPhone.ActiveCfg = Release|Any CPU
		{8D6E6A96-8740-43E8-9212-090F030D55D6}.Ad-Hoc|iPhone.Build.0 = Release|Any CPU
		{8D6E6A96-8740-43E8-9212-090F030D55D6}.Ad-Hoc|iPhone.Deploy.0 = Release|Any CPU
		{8D6E6A96-8740-43E8-9212-090F030D55D6}.Ad-Hoc|iPhoneSimulator.ActiveCfg = Release|Any CPU
		{8D6E6A96-8740-43E8-9212-090F030D55D6}.Ad-Hoc|iPhoneSimulator.Build.0 = Release|Any CPU
		{8D6E6A96-8740-43E8-9212-090F030D55D6}.Ad-Hoc|iPhoneSimulator.Deploy.0 = Release|Any CPU
		{8D6E6A96-8740-43E8-9212-090F030D55D6}.Ad-Hoc|x64.ActiveCfg = Release|Any CPU
		{8D6E6A96-8740-43E8-9212-090F030D55D6}.Ad-Hoc|x64.Build.0 = Release|Any CPU
		{8D6E6A96-8740-43E8-9212-090F030D55D6}.Ad-Hoc|x64.Deploy.0 = Release|Any CPU
		{8D6E6A96-8740-43E8-9212-090F030D55D6}.Ad-Hoc|x86.ActiveCfg = Release|Any CPU
		{8D6E6A96-8740-43E8-9212-090F030D55D6}.Ad-Hoc|x86.Build.0 = Release|Any CPU
		{8D6E6A96-8740-43E8-9212-090F030D55D6}.Ad-Hoc|x86.Deploy.0 = Release|Any CPU
		{8D6E6A96-8740-43E8-9212-090F030D55D6}.AppStore|Any CPU.ActiveCfg = Release|Any CPU
		{8D6E6A96-8740-43E8-9212-090F030D55D6}.AppStore|Any CPU.Build.0 = Release|Any CPU
		{8D6E6A96-8740-43E8-9212-090F030D55D6}.AppStore|Any CPU.Deploy.0 = Release|Any CPU
		{8D6E6A96-8740-43E8-9212-090F030D55D6}.AppStore|ARM.ActiveCfg = Release|Any CPU
		{8D6E6A96-8740-43E8-9212-090F030D55D6}.AppStore|ARM.Build.0 = Release|Any CPU
		{8D6E6A96-8740-43E8-9212-090F030D55D6}.AppStore|ARM.Deploy.0 = Release|Any CPU
		{8D6E6A96-8740-43E8-9212-090F030D55D6}.AppStore|iPhone.ActiveCfg = Release|Any CPU
		{8D6E6A96-8740-43E8-9212-090F030D55D6}.AppStore|iPhone.Build.0 = Release|Any CPU
		{8D6E6A96-8740-43E8-9212-090F030D55D6}.AppStore|iPhone.Deploy.0 = Release|Any CPU
		{8D6E6A96-8740-43E8-9212-090F030D55D6}.AppStore|iPhoneSimulator.ActiveCfg = Release|Any CPU
		{8D6E6A96-8740-43E8-9212-090F030D55D6}.AppStore|iPhoneSimulator.Build.0 = Release|Any CPU
		{8D6E6A96-8740-43E8-9212-090F030D55D6}.AppStore|iPhoneSimulator.Deploy.0 = Release|Any CPU
		{8D6E6A96-8740-43E8-9212-090F030D55D6}.AppStore|x64.ActiveCfg = Release|Any CPU
		{8D6E6A96-8740-43E8-9212-090F030D55D6}.AppStore|x64.Build.0 = Release|Any CPU
		{8D6E6A96-8740-43E8-9212-090F030D55D6}.AppStore|x64.Deploy.0 = Release|Any CPU
		{8D6E6A96-8740-43E8-9212-090F030D55D6}.AppStore|x86.ActiveCfg = Release|Any CPU
		{8D6E6A96-8740-43E8-9212-090F030D55D6}.AppStore|x86.Build.0 = Release|Any CPU
		{8D6E6A96-8740-43E8-9212-090F030D55D6}.AppStore|x86.Deploy.0 = Release|Any CPU
		{8D6E6A96-8740-43E8-9212-090F030D55D6}.Debug|Any CPU.ActiveCfg = Debug|Any CPU
		{8D6E6A96-8740-43E8-9212-090F030D55D6}.Debug|Any CPU.Build.0 = Debug|Any CPU
		{8D6E6A96-8740-43E8-9212-090F030D55D6}.Debug|Any CPU.Deploy.0 = Debug|Any CPU
		{8D6E6A96-8740-43E8-9212-090F030D55D6}.Debug|ARM.ActiveCfg = Debug|Any CPU
		{8D6E6A96-8740-43E8-9212-090F030D55D6}.Debug|ARM.Build.0 = Debug|Any CPU
		{8D6E6A96-8740-43E8-9212-090F030D55D6}.Debug|ARM.Deploy.0 = Debug|Any CPU
		{8D6E6A96-8740-43E8-9212-090F030D55D6}.Debug|iPhone.ActiveCfg = Debug|Any CPU
		{8D6E6A96-8740-43E8-9212-090F030D55D6}.Debug|iPhone.Build.0 = Debug|Any CPU
		{8D6E6A96-8740-43E8-9212-090F030D55D6}.Debug|iPhone.Deploy.0 = Debug|Any CPU
		{8D6E6A96-8740-43E8-9212-090F030D55D6}.Debug|iPhoneSimulator.ActiveCfg = Debug|Any CPU
		{8D6E6A96-8740-43E8-9212-090F030D55D6}.Debug|iPhoneSimulator.Build.0 = Debug|Any CPU
		{8D6E6A96-8740-43E8-9212-090F030D55D6}.Debug|iPhoneSimulator.Deploy.0 = Debug|Any CPU
		{8D6E6A96-8740-43E8-9212-090F030D55D6}.Debug|x64.ActiveCfg = Debug|Any CPU
		{8D6E6A96-8740-43E8-9212-090F030D55D6}.Debug|x64.Build.0 = Debug|Any CPU
		{8D6E6A96-8740-43E8-9212-090F030D55D6}.Debug|x64.Deploy.0 = Debug|Any CPU
		{8D6E6A96-8740-43E8-9212-090F030D55D6}.Debug|x86.ActiveCfg = Debug|Any CPU
		{8D6E6A96-8740-43E8-9212-090F030D55D6}.Debug|x86.Build.0 = Debug|Any CPU
		{8D6E6A96-8740-43E8-9212-090F030D55D6}.Debug|x86.Deploy.0 = Debug|Any CPU
		{8D6E6A96-8740-43E8-9212-090F030D55D6}.Release|Any CPU.ActiveCfg = Release|Any CPU
		{8D6E6A96-8740-43E8-9212-090F030D55D6}.Release|Any CPU.Build.0 = Release|Any CPU
		{8D6E6A96-8740-43E8-9212-090F030D55D6}.Release|Any CPU.Deploy.0 = Release|Any CPU
		{8D6E6A96-8740-43E8-9212-090F030D55D6}.Release|ARM.ActiveCfg = Release|Any CPU
		{8D6E6A96-8740-43E8-9212-090F030D55D6}.Release|ARM.Build.0 = Release|Any CPU
		{8D6E6A96-8740-43E8-9212-090F030D55D6}.Release|ARM.Deploy.0 = Release|Any CPU
		{8D6E6A96-8740-43E8-9212-090F030D55D6}.Release|iPhone.ActiveCfg = Release|Any CPU
		{8D6E6A96-8740-43E8-9212-090F030D55D6}.Release|iPhone.Build.0 = Release|Any CPU
		{8D6E6A96-8740-43E8-9212-090F030D55D6}.Release|iPhone.Deploy.0 = Release|Any CPU
		{8D6E6A96-8740-43E8-9212-090F030D55D6}.Release|iPhoneSimulator.ActiveCfg = Release|Any CPU
		{8D6E6A96-8740-43E8-9212-090F030D55D6}.Release|iPhoneSimulator.Build.0 = Release|Any CPU
		{8D6E6A96-8740-43E8-9212-090F030D55D6}.Release|iPhoneSimulator.Deploy.0 = Release|Any CPU
		{8D6E6A96-8740-43E8-9212-090F030D55D6}.Release|x64.ActiveCfg = Release|Any CPU
		{8D6E6A96-8740-43E8-9212-090F030D55D6}.Release|x64.Build.0 = Release|Any CPU
		{8D6E6A96-8740-43E8-9212-090F030D55D6}.Release|x64.Deploy.0 = Release|Any CPU
		{8D6E6A96-8740-43E8-9212-090F030D55D6}.Release|x86.ActiveCfg = Release|Any CPU
		{8D6E6A96-8740-43E8-9212-090F030D55D6}.Release|x86.Build.0 = Release|Any CPU
		{8D6E6A96-8740-43E8-9212-090F030D55D6}.Release|x86.Deploy.0 = Release|Any CPU
		{D0298CCC-F53C-47B7-BA5A-AA4F6D0C83CA}.Ad-Hoc|Any CPU.ActiveCfg = Ad-Hoc|iPhone
		{D0298CCC-F53C-47B7-BA5A-AA4F6D0C83CA}.Ad-Hoc|ARM.ActiveCfg = Ad-Hoc|iPhone
		{D0298CCC-F53C-47B7-BA5A-AA4F6D0C83CA}.Ad-Hoc|iPhone.ActiveCfg = Ad-Hoc|iPhone
		{D0298CCC-F53C-47B7-BA5A-AA4F6D0C83CA}.Ad-Hoc|iPhone.Build.0 = Ad-Hoc|iPhone
		{D0298CCC-F53C-47B7-BA5A-AA4F6D0C83CA}.Ad-Hoc|iPhoneSimulator.ActiveCfg = Ad-Hoc|iPhoneSimulator
		{D0298CCC-F53C-47B7-BA5A-AA4F6D0C83CA}.Ad-Hoc|iPhoneSimulator.Build.0 = Ad-Hoc|iPhoneSimulator
		{D0298CCC-F53C-47B7-BA5A-AA4F6D0C83CA}.Ad-Hoc|x64.ActiveCfg = Ad-Hoc|iPhone
		{D0298CCC-F53C-47B7-BA5A-AA4F6D0C83CA}.Ad-Hoc|x86.ActiveCfg = Ad-Hoc|iPhone
		{D0298CCC-F53C-47B7-BA5A-AA4F6D0C83CA}.AppStore|Any CPU.ActiveCfg = AppStore|iPhone
		{D0298CCC-F53C-47B7-BA5A-AA4F6D0C83CA}.AppStore|ARM.ActiveCfg = AppStore|iPhone
		{D0298CCC-F53C-47B7-BA5A-AA4F6D0C83CA}.AppStore|iPhone.ActiveCfg = AppStore|iPhone
		{D0298CCC-F53C-47B7-BA5A-AA4F6D0C83CA}.AppStore|iPhone.Build.0 = AppStore|iPhone
		{D0298CCC-F53C-47B7-BA5A-AA4F6D0C83CA}.AppStore|iPhoneSimulator.ActiveCfg = AppStore|iPhoneSimulator
		{D0298CCC-F53C-47B7-BA5A-AA4F6D0C83CA}.AppStore|iPhoneSimulator.Build.0 = AppStore|iPhoneSimulator
		{D0298CCC-F53C-47B7-BA5A-AA4F6D0C83CA}.AppStore|x64.ActiveCfg = AppStore|iPhone
		{D0298CCC-F53C-47B7-BA5A-AA4F6D0C83CA}.AppStore|x86.ActiveCfg = AppStore|iPhone
		{D0298CCC-F53C-47B7-BA5A-AA4F6D0C83CA}.Debug|Any CPU.ActiveCfg = Debug|iPhone
		{D0298CCC-F53C-47B7-BA5A-AA4F6D0C83CA}.Debug|ARM.ActiveCfg = Debug|iPhone
		{D0298CCC-F53C-47B7-BA5A-AA4F6D0C83CA}.Debug|iPhone.ActiveCfg = Debug|iPhone
		{D0298CCC-F53C-47B7-BA5A-AA4F6D0C83CA}.Debug|iPhone.Build.0 = Debug|iPhone
		{D0298CCC-F53C-47B7-BA5A-AA4F6D0C83CA}.Debug|iPhoneSimulator.ActiveCfg = Debug|iPhoneSimulator
		{D0298CCC-F53C-47B7-BA5A-AA4F6D0C83CA}.Debug|iPhoneSimulator.Build.0 = Debug|iPhoneSimulator
		{D0298CCC-F53C-47B7-BA5A-AA4F6D0C83CA}.Debug|x64.ActiveCfg = Debug|iPhone
		{D0298CCC-F53C-47B7-BA5A-AA4F6D0C83CA}.Debug|x86.ActiveCfg = Debug|iPhone
		{D0298CCC-F53C-47B7-BA5A-AA4F6D0C83CA}.Release|Any CPU.ActiveCfg = Release|iPhone
		{D0298CCC-F53C-47B7-BA5A-AA4F6D0C83CA}.Release|ARM.ActiveCfg = Release|iPhone
		{D0298CCC-F53C-47B7-BA5A-AA4F6D0C83CA}.Release|iPhone.ActiveCfg = Release|iPhone
		{D0298CCC-F53C-47B7-BA5A-AA4F6D0C83CA}.Release|iPhone.Build.0 = Release|iPhone
		{D0298CCC-F53C-47B7-BA5A-AA4F6D0C83CA}.Release|iPhoneSimulator.ActiveCfg = Release|iPhoneSimulator
		{D0298CCC-F53C-47B7-BA5A-AA4F6D0C83CA}.Release|iPhoneSimulator.Build.0 = Release|iPhoneSimulator
		{D0298CCC-F53C-47B7-BA5A-AA4F6D0C83CA}.Release|x64.ActiveCfg = Release|iPhone
		{D0298CCC-F53C-47B7-BA5A-AA4F6D0C83CA}.Release|x86.ActiveCfg = Release|iPhone
		{8CD31CC5-312A-44A4-BDB4-AFA4E782F91D}.Ad-Hoc|Any CPU.ActiveCfg = Release|x86
		{8CD31CC5-312A-44A4-BDB4-AFA4E782F91D}.Ad-Hoc|Any CPU.Build.0 = Release|x86
		{8CD31CC5-312A-44A4-BDB4-AFA4E782F91D}.Ad-Hoc|Any CPU.Deploy.0 = Release|x86
		{8CD31CC5-312A-44A4-BDB4-AFA4E782F91D}.Ad-Hoc|ARM.ActiveCfg = Release|ARM
		{8CD31CC5-312A-44A4-BDB4-AFA4E782F91D}.Ad-Hoc|ARM.Build.0 = Release|ARM
		{8CD31CC5-312A-44A4-BDB4-AFA4E782F91D}.Ad-Hoc|ARM.Deploy.0 = Release|ARM
		{8CD31CC5-312A-44A4-BDB4-AFA4E782F91D}.Ad-Hoc|iPhone.ActiveCfg = Release|x86
		{8CD31CC5-312A-44A4-BDB4-AFA4E782F91D}.Ad-Hoc|iPhone.Build.0 = Release|x86
		{8CD31CC5-312A-44A4-BDB4-AFA4E782F91D}.Ad-Hoc|iPhone.Deploy.0 = Release|x86
		{8CD31CC5-312A-44A4-BDB4-AFA4E782F91D}.Ad-Hoc|iPhoneSimulator.ActiveCfg = Release|x86
		{8CD31CC5-312A-44A4-BDB4-AFA4E782F91D}.Ad-Hoc|iPhoneSimulator.Build.0 = Release|x86
		{8CD31CC5-312A-44A4-BDB4-AFA4E782F91D}.Ad-Hoc|iPhoneSimulator.Deploy.0 = Release|x86
		{8CD31CC5-312A-44A4-BDB4-AFA4E782F91D}.Ad-Hoc|x64.ActiveCfg = Release|x64
		{8CD31CC5-312A-44A4-BDB4-AFA4E782F91D}.Ad-Hoc|x64.Build.0 = Release|x64
		{8CD31CC5-312A-44A4-BDB4-AFA4E782F91D}.Ad-Hoc|x64.Deploy.0 = Release|x64
		{8CD31CC5-312A-44A4-BDB4-AFA4E782F91D}.Ad-Hoc|x86.ActiveCfg = Release|x86
		{8CD31CC5-312A-44A4-BDB4-AFA4E782F91D}.Ad-Hoc|x86.Build.0 = Release|x86
		{8CD31CC5-312A-44A4-BDB4-AFA4E782F91D}.Ad-Hoc|x86.Deploy.0 = Release|x86
		{8CD31CC5-312A-44A4-BDB4-AFA4E782F91D}.AppStore|Any CPU.ActiveCfg = Release|x86
		{8CD31CC5-312A-44A4-BDB4-AFA4E782F91D}.AppStore|Any CPU.Build.0 = Release|x86
		{8CD31CC5-312A-44A4-BDB4-AFA4E782F91D}.AppStore|Any CPU.Deploy.0 = Release|x86
		{8CD31CC5-312A-44A4-BDB4-AFA4E782F91D}.AppStore|ARM.ActiveCfg = Release|ARM
		{8CD31CC5-312A-44A4-BDB4-AFA4E782F91D}.AppStore|ARM.Build.0 = Release|ARM
		{8CD31CC5-312A-44A4-BDB4-AFA4E782F91D}.AppStore|ARM.Deploy.0 = Release|ARM
		{8CD31CC5-312A-44A4-BDB4-AFA4E782F91D}.AppStore|iPhone.ActiveCfg = Release|x86
		{8CD31CC5-312A-44A4-BDB4-AFA4E782F91D}.AppStore|iPhone.Build.0 = Release|x86
		{8CD31CC5-312A-44A4-BDB4-AFA4E782F91D}.AppStore|iPhone.Deploy.0 = Release|x86
		{8CD31CC5-312A-44A4-BDB4-AFA4E782F91D}.AppStore|iPhoneSimulator.ActiveCfg = Release|x86
		{8CD31CC5-312A-44A4-BDB4-AFA4E782F91D}.AppStore|iPhoneSimulator.Build.0 = Release|x86
		{8CD31CC5-312A-44A4-BDB4-AFA4E782F91D}.AppStore|iPhoneSimulator.Deploy.0 = Release|x86
		{8CD31CC5-312A-44A4-BDB4-AFA4E782F91D}.AppStore|x64.ActiveCfg = Release|x64
		{8CD31CC5-312A-44A4-BDB4-AFA4E782F91D}.AppStore|x64.Build.0 = Release|x64
		{8CD31CC5-312A-44A4-BDB4-AFA4E782F91D}.AppStore|x64.Deploy.0 = Release|x64
		{8CD31CC5-312A-44A4-BDB4-AFA4E782F91D}.AppStore|x86.ActiveCfg = Release|x86
		{8CD31CC5-312A-44A4-BDB4-AFA4E782F91D}.AppStore|x86.Build.0 = Release|x86
		{8CD31CC5-312A-44A4-BDB4-AFA4E782F91D}.AppStore|x86.Deploy.0 = Release|x86
		{8CD31CC5-312A-44A4-BDB4-AFA4E782F91D}.Debug|Any CPU.ActiveCfg = Debug|x86
		{8CD31CC5-312A-44A4-BDB4-AFA4E782F91D}.Debug|ARM.ActiveCfg = Debug|ARM
		{8CD31CC5-312A-44A4-BDB4-AFA4E782F91D}.Debug|ARM.Build.0 = Debug|ARM
		{8CD31CC5-312A-44A4-BDB4-AFA4E782F91D}.Debug|ARM.Deploy.0 = Debug|ARM
		{8CD31CC5-312A-44A4-BDB4-AFA4E782F91D}.Debug|iPhone.ActiveCfg = Debug|x86
		{8CD31CC5-312A-44A4-BDB4-AFA4E782F91D}.Debug|iPhoneSimulator.ActiveCfg = Debug|x86
		{8CD31CC5-312A-44A4-BDB4-AFA4E782F91D}.Debug|x64.ActiveCfg = Debug|x64
		{8CD31CC5-312A-44A4-BDB4-AFA4E782F91D}.Debug|x64.Build.0 = Debug|x64
		{8CD31CC5-312A-44A4-BDB4-AFA4E782F91D}.Debug|x64.Deploy.0 = Debug|x64
		{8CD31CC5-312A-44A4-BDB4-AFA4E782F91D}.Debug|x86.ActiveCfg = Debug|x86
		{8CD31CC5-312A-44A4-BDB4-AFA4E782F91D}.Debug|x86.Build.0 = Debug|x86
		{8CD31CC5-312A-44A4-BDB4-AFA4E782F91D}.Debug|x86.Deploy.0 = Debug|x86
		{8CD31CC5-312A-44A4-BDB4-AFA4E782F91D}.Release|Any CPU.ActiveCfg = Release|x86
		{8CD31CC5-312A-44A4-BDB4-AFA4E782F91D}.Release|ARM.ActiveCfg = Release|ARM
		{8CD31CC5-312A-44A4-BDB4-AFA4E782F91D}.Release|ARM.Build.0 = Release|ARM
		{8CD31CC5-312A-44A4-BDB4-AFA4E782F91D}.Release|ARM.Deploy.0 = Release|ARM
		{8CD31CC5-312A-44A4-BDB4-AFA4E782F91D}.Release|iPhone.ActiveCfg = Release|x86
		{8CD31CC5-312A-44A4-BDB4-AFA4E782F91D}.Release|iPhoneSimulator.ActiveCfg = Release|x86
		{8CD31CC5-312A-44A4-BDB4-AFA4E782F91D}.Release|x64.ActiveCfg = Release|x64
		{8CD31CC5-312A-44A4-BDB4-AFA4E782F91D}.Release|x64.Build.0 = Release|x64
		{8CD31CC5-312A-44A4-BDB4-AFA4E782F91D}.Release|x64.Deploy.0 = Release|x64
		{8CD31CC5-312A-44A4-BDB4-AFA4E782F91D}.Release|x86.ActiveCfg = Release|x86
		{8CD31CC5-312A-44A4-BDB4-AFA4E782F91D}.Release|x86.Build.0 = Release|x86
		{8CD31CC5-312A-44A4-BDB4-AFA4E782F91D}.Release|x86.Deploy.0 = Release|x86
	EndGlobalSection
	GlobalSection(SolutionProperties) = preSolution
		HideSolutionNode = FALSE
	EndGlobalSection
EndGlobal
